{
  "name": "private-balance-spikes-browser",
  "version": "0.1.0",
  "lockfileVersion": 3,
  "requires": true,
  "packages": {
    "": {
      "name": "private-balance-spikes-browser",
      "version": "0.1.0",
      "dependencies": {
        "@hpke/core": "1.9.0"
      }
    },
    "node_modules/@hpke/common": {
      "version": "1.10.1",
      "resolved": "https://registry.npmjs.org/@hpke/common/-/common-1.10.1.tgz",
      "integrity": "sha512-moJwhmtLtuxiUzzNp1jpfBfx8yefKoO9D/RCR9dmwrnc7qjJqId1rEtQz+lSlU5cabX8daToMSx/7HayXOiaFw==",
      "license": "MIT",
      "engines": {
        "node": ">=16.0.0"
      }
    },
    "node_modules/@hpke/core": {
      "version": "1.9.0",
      "resolved": "https://registry.npmjs.org/@hpke/core/-/core-1.9.0.tgz",
      "integrity": "sha512-pFxWl1nNJeQCSUFs7+GAblHvXBCjn9EPN65vdKlYQil2aURaRxfGMO6vBKGqm1YHTKwiAxJQNEI70PbSowMP9Q==",
      "license": "MIT",
      "dependencies": {
        "@hpke/common": "^1.10.0"
      },
      "engines": {
        "node": ">=16.0.0"
      }
    }
  }
}
